github.com/Zaba505/gqlc v0.0.0-20181218045653-e0823b39ef15 h1:KXaXjNmxCSPZvp8ZJmYCB7r/v1nm9FYLE1EfRSGd9xQ=
github.com/Zaba505/gqlc v0.0.0-20181218045653-e0823b39ef15/go.mod h1:tLekfHRfRCO8CV5qbXqdraCrvhH8+ftqjM0o4NnHBnE=
github.com/Zaba505/gqlc v0.0.0-20181218171234-b69d19cefdf6 h1:TsZcrzA7fzkfleiE1M15m3GTBP+1pN7j84wCevl1CyI=
github.com/Zaba505/gqlc v0.0.0-20181218171234-b69d19cefdf6/go.mod h1:tLekfHRfRCO8CV5qbXqdraCrvhH8+ftqjM0o4NnHBnE=
github.com/Zaba505/gqlc v0.0.0-20181224043022-063ec5e32222 h1:emGS6NBB+PuREs0QvyUYq+15iZw8gAFp9AkJmcbZTpI=
github.com/gqlc/graphql v0.0.0-20181224042329-5990952e1bf6 h1:o8M983H/gkUMb/GtKIGn3BVPKLURRz9OKlboE6CJGcA=
github.com/gqlc/graphql v0.0.0-20181224042329-5990952e1bf6/go.mod h1:2hk1vC8Py/nF1Ftobzm8nFfbLj0DtJ0FYoRuWqtCmK4=
